
Microsoft Visual Studio Solution File, Format Version 12.00
# Visual Studio Version 16
VisualStudioVersion = 16.0.28621.142
MinimumVisualStudioVersion = 15.0.26124.0
Project("{2150E333-8FDC-42A3-9474-1A3956D46DE8}") = "src", "src", "{B09EEA18-DAA1-4141-A210-120BAACEB1BA}"
EndProject
Project("{2150E333-8FDC-42A3-9474-1A3956D46DE8}") = "test", "test", "{8658F454-DFA7-4F0A-A2CA-FB229275C828}"
EndProject
Project("{9A19103F-16F7-4668-BE54-9A1E7A4F7556}") = "Rixian.CloudEvents", "src\Rixian.CloudEvents\Rixian.CloudEvents.csproj", "{33768AEE-FF6A-455A-BC3D-616EB0BF14BA}"
EndProject
Project("{9A19103F-16F7-4668-BE54-9A1E7A4F7556}") = "Rixian.CloudEvents.Tests", "test\Rixian.CloudEvents.Tests\Rixian.CloudEvents.Tests.csproj", "{F00E5D61-7C10-4D20-BD12-C458613BFE78}"
EndProject
Project("{2150E333-8FDC-42A3-9474-1A3956D46DE8}") = "_repo", "_repo", "{7E966521-E868-48E2-AC1F-DF7D017F73A7}"
	ProjectSection(SolutionItems) = preProject
		.gitignore = .gitignore
		GitVersion.yml = GitVersion.yml
		LICENSE = LICENSE
		README.md = README.md
	EndProjectSection
EndProject
Global
	GlobalSection(SolutionConfigurationPlatforms) = preSolution
		Debug|Any CPU = Debug|Any CPU
		Debug|x64 = Debug|x64
		Debug|x86 = Debug|x86
		Release|Any CPU = Release|Any CPU
		Release|x64 = Release|x64
		Release|x86 = Release|x86
	EndGlobalSection
	GlobalSection(ProjectConfigurationPlatforms) = postSolution
		{33768AEE-FF6A-455A-BC3D-616EB0BF14BA}.Debug|Any CPU.ActiveCfg = Debug|Any CPU
		{33768AEE-FF6A-455A-BC3D-616EB0BF14BA}.Debug|Any CPU.Build.0 = Debug|Any CPU
		{33768AEE-FF6A-455A-BC3D-616EB0BF14BA}.Debug|x64.ActiveCfg = Debug|Any CPU
		{33768AEE-FF6A-455A-BC3D-616EB0BF14BA}.Debug|x64.Build.0 = Debug|Any CPU
		{33768AEE-FF6A-455A-BC3D-616EB0BF14BA}.Debug|x86.ActiveCfg = Debug|Any CPU
		{33768AEE-FF6A-455A-BC3D-616EB0BF14BA}.Debug|x86.Build.0 = Debug|Any CPU
		{33768AEE-FF6A-455A-BC3D-616EB0BF14BA}.Release|Any CPU.ActiveCfg = Release|Any CPU
		{33768AEE-FF6A-455A-BC3D-616EB0BF14BA}.Release|Any CPU.Build.0 = Release|Any CPU
		{33768AEE-FF6A-455A-BC3D-616EB0BF14BA}.Release|x64.ActiveCfg = Release|Any CPU
		{33768AEE-FF6A-455A-BC3D-616EB0BF14BA}.Release|x64.Build.0 = Release|Any CPU
		{33768AEE-FF6A-455A-BC3D-616EB0BF14BA}.Release|x86.ActiveCfg = Release|Any CPU
		{33768AEE-FF6A-455A-BC3D-616EB0BF14BA}.Release|x86.Build.0 = Release|Any CPU
		{F00E5D61-7C10-4D20-BD12-C458613BFE78}.Debug|Any CPU.ActiveCfg = Debug|Any CPU
		{F00E5D61-7C10-4D20-BD12-C458613BFE78}.Debug|Any CPU.Build.0 = Debug|Any CPU
		{F00E5D61-7C10-4D20-BD12-C458613BFE78}.Debug|x64.ActiveCfg = Debug|Any CPU
		{F00E5D61-7C10-4D20-BD12-C458613BFE78}.Debug|x64.Build.0 = Debug|Any CPU
		{F00E5D61-7C10-4D20-BD12-C458613BFE78}.Debug|x86.ActiveCfg = Debug|Any CPU
		{F00E5D61-7C10-4D20-BD12-C458613BFE78}.Debug|x86.Build.0 = Debug|Any CPU
		{F00E5D61-7C10-4D20-BD12-C458613BFE78}.Release|Any CPU.ActiveCfg = Release|Any CPU
		{F00E5D61-7C10-4D20-BD12-C458613BFE78}.Release|Any CPU.Build.0 = Release|Any CPU
		{F00E5D61-7C10-4D20-BD12-C458613BFE78}.Release|x64.ActiveCfg = Release|Any CPU
		{F00E5D61-7C10-4D20-BD12-C458613BFE78}.Release|x64.Build.0 = Release|Any CPU
		{F00E5D61-7C10-4D20-BD12-C458613BFE78}.Release|x86.ActiveCfg = Release|Any CPU
		{F00E5D61-7C10-4D20-BD12-C458613BFE78}.Release|x86.Build.0 = Release|Any CPU
	EndGlobalSection
	GlobalSection(SolutionProperties) = preSolution
		HideSolutionNode = FALSE
	EndGlobalSection
	GlobalSection(NestedProjects) = preSolution
		{33768AEE-FF6A-455A-BC3D-616EB0BF14BA} = {B09EEA18-DAA1-4141-A210-120BAACEB1BA}
		{F00E5D61-7C10-4D20-BD12-C458613BFE78} = {8658F454-DFA7-4F0A-A2CA-FB229275C828}
	EndGlobalSection
	GlobalSection(ExtensibilityGlobals) = postSolution
		SolutionGuid = {82CDFA18-A571-4771-9CB7-783C2B4A14C3}
	EndGlobalSection
EndGlobal
